// !$*UTF8*$!
{
	archiveVersion = 1;
	classes = {
	};
	objectVersion = 56;
	objects = {

/* Begin PBXBuildFile section */
		DFE839BD29DC8F5C00404BC3 /* AppDelegate.swift in Sources */ = {isa = PBXBuildFile; fileRef = DFE839BC29DC8F5C00404BC3 /* AppDelegate.swift */; };
		DFE839BF29DC8F5C00404BC3 /* SceneDelegate.swift in Sources */ = {isa = PBXBuildFile; fileRef = DFE839BE29DC8F5C00404BC3 /* SceneDelegate.swift */; };
		DFE839C129DC8F5C00404BC3 /* ViewController.swift in Sources */ = {isa = PBXBuildFile; fileRef = DFE839C029DC8F5C00404BC3 /* ViewController.swift */; };
		DFE839C429DC8F5C00404BC3 /* Main.storyboard in Resources */ = {isa = PBXBuildFile; fileRef = DFE839C229DC8F5C00404BC3 /* Main.storyboard */; };
		DFE839C629DC8F5D00404BC3 /* Assets.xcassets in Resources */ = {isa = PBXBuildFile; fileRef = DFE839C529DC8F5D00404BC3 /* Assets.xcassets */; };
		DFE839C929DC8F5D00404BC3 /* LaunchScreen.storyboard in Resources */ = {isa = PBXBuildFile; fileRef = DFE839C729DC8F5D00404BC3 /* LaunchScreen.storyboard */; };
		DFE839D429DC8F5D00404BC3 /* I_am_Rich_PracticeXcodeTests.swift in Sources */ = {isa = PBXBuildFile; fileRef = DFE839D329DC8F5D00404BC3 /* I_am_Rich_PracticeXcodeTests.swift */; };
		DFE839DE29DC8F5D00404BC3 /* I_am_Rich_PracticeXcodeUITests.swift in Sources */ = {isa = PBXBuildFile; fileRef = DFE839DD29DC8F5D00404BC3 /* I_am_Rich_PracticeXcodeUITests.swift */; };
		DFE839E029DC8F5D00404BC3 /* I_am_Rich_PracticeXcodeUITestsLaunchTests.swift in Sources */ = {isa = PBXBuildFile; fileRef = DFE839DF29DC8F5D00404BC3 /* I_am_Rich_PracticeXcodeUITestsLaunchTests.swift */; };
/* End PBXBuildFile section */

/* Begin PBXContainerItemProxy section */
		DFE839D029DC8F5D00404BC3 /* PBXContainerItemProxy */ = {
			isa = PBXContainerItemProxy;
			containerPortal = DFE839B129DC8F5C00404BC3 /* Project object */;
			proxyType = 1;
			remoteGlobalIDString = DFE839B829DC8F5C00404BC3;
			remoteInfo = "I am Rich PracticeXcode";
		};
		DFE839DA29DC8F5D00404BC3 /* PBXContainerItemProxy */ = {
			isa = PBXContainerItemProxy;
			containerPortal = DFE839B129DC8F5C00404BC3 /* Project object */;
			proxyType = 1;
			remoteGlobalIDString = DFE839B829DC8F5C00404BC3;
			remoteInfo = "I am Rich PracticeXcode";
		};
/* End PBXContainerItemProxy section */

/* Begin PBXFileReference section */
		DFE839B929DC8F5C00404BC3 /* I am Rich PracticeXcode.app */ = {isa = PBXFileReference; explicitFileType = wrapper.application; includeInIndex = 0; path = "I am Rich PracticeXcode.app"; sourceTree = BUILT_PRODUCTS_DIR; };
		DFE839BC29DC8F5C00404BC3 /* AppDelegate.swift */ = {isa = PBXFileReference; lastKnownFileType = sourcecode.swift; path = AppDelegate.swift; sourceTree = "<group>"; };
		DFE839BE29DC8F5C00404BC3 /* SceneDelegate.swift */ = {isa = PBXFileReference; lastKnownFileType = sourcecode.swift; path = SceneDelegate.swift; sourceTree = "<group>"; };
		DFE839C029DC8F5C00404BC3 /* ViewController.swift */ = {isa = PBXFileReference; lastKnownFileType = sourcecode.swift; path = ViewController.swift; sourceTree = "<group>"; };
		DFE839C329DC8F5C00404BC3 /* Base */ = {isa = PBXFileReference; lastKnownFileType = file.storyboard; name = Base; path = Base.lproj/Main.storyboard; sourceTree = "<group>"; };
		DFE839C529DC8F5D00404BC3 /* Assets.xcassets */ = {isa = PBXFileReference; lastKnownFileType = folder.assetcatalog; path = Assets.xcassets; sourceTree = "<group>"; };
		DFE839C829DC8F5D00404BC3 /* Base */ = {isa = PBXFileReference; lastKnownFileType = file.storyboard; name = Base; path = Base.lproj/LaunchScreen.storyboard; sourceTree = "<group>"; };
		DFE839CA29DC8F5D00404BC3 /* Info.plist */ = {isa = PBXFileReference; lastKnownFileType = text.plist.xml; path = Info.plist; sourceTree = "<group>"; };
		DFE839CF29DC8F5D00404BC3 /* I am Rich PracticeXcodeTests.xctest */ = {isa = PBXFileReference; explicitFileType = wrapper.cfbundle; includeInIndex = 0; path = "I am Rich PracticeXcodeTests.xctest"; sourceTree = BUILT_PRODUCTS_DIR; };
		DFE839D329DC8F5D00404BC3 /* I_am_Rich_PracticeXcodeTests.swift */ = {isa = PBXFileReference; lastKnownFileType = sourcecode.swift; path = I_am_Rich_PracticeXcodeTests.swift; sourceTree = "<group>"; };
		DFE839D929DC8F5D00404BC3 /* I am Rich PracticeXcodeUITests.xctest */ = {isa = PBXFileReference; explicitFileType = wrapper.cfbundle; includeInIndex = 0; path = "I am Rich PracticeXcodeUITests.xctest"; sourceTree = BUILT_PRODUCTS_DIR; };
		DFE839DD29DC8F5D00404BC3 /* I_am_Rich_PracticeXcodeUITests.swift */ = {isa = PBXFileReference; lastKnownFileType = sourcecode.swift; path = I_am_Rich_PracticeXcodeUITests.swift; sourceTree = "<group>"; };
		DFE839DF29DC8F5D00404BC3 /* I_am_Rich_PracticeXcodeUITestsLaunchTests.swift */ = {isa = PBXFileReference; lastKnownFileType = sourcecode.swift; path = I_am_Rich_PracticeXcodeUITestsLaunchTests.swift; sourceTree = "<group>"; };
/* End PBXFileReference section */

/* Begin PBXFrameworksBuildPhase section */
		DFE839B629DC8F5C00404BC3 /* Frameworks */ = {
			isa = PBXFrameworksBuildPhase;
			buildActionMask = 2147483647;
			files = (
			);
			runOnlyForDeploymentPostprocessing = 0;
		};
		DFE839CC29DC8F5D00404BC3 /* Frameworks */ = {
			isa = PBXFrameworksBuildPhase;
			buildActionMask = 2147483647;
			files = (
			);
			runOnlyForDeploymentPostprocessing = 0;
		};
		DFE839D629DC8F5D00404BC3 /* Frameworks */ = {
			isa = PBXFrameworksBuildPhase;
			buildActionMask = 2147483647;
			files = (
			);
			runOnlyForDeploymentPostprocessing = 0;
		};
/* End PBXFrameworksBuildPhase section */

/* Begin PBXGroup section */
		DFE839B029DC8F5C00404BC3 = {
			isa = PBXGroup;
			children = (
				DFE839BB29DC8F5C00404BC3 /* I am Rich PracticeXcode */,
				DFE839D229DC8F5D00404BC3 /* I am Rich PracticeXcodeTests */,
				DFE839DC29DC8F5D00404BC3 /* I am Rich PracticeXcodeUITests */,
				DFE839BA29DC8F5C00404BC3 /* Products */,
			);
			sourceTree = "<group>";
		};
		DFE839BA29DC8F5C00404BC3 /* Products */ = {
			isa = PBXGroup;
			children = (
				DFE839B929DC8F5C00404BC3 /* I am Rich PracticeXcode.app */,
				DFE839CF29DC8F5D00404BC3 /* I am Rich PracticeXcodeTests.xctest */,
				DFE839D929DC8F5D00404BC3 /* I am Rich PracticeXcodeUITests.xctest */,
			);
			name = Products;
			sourceTree = "<group>";
		};
		DFE839BB29DC8F5C00404BC3 /* I am Rich PracticeXcode */ = {
			isa = PBXGroup;
			children = (
				DFE839BC29DC8F5C00404BC3 /* AppDelegate.swift */,
				DFE839BE29DC8F5C00404BC3 /* SceneDelegate.swift */,
				DFE839C029DC8F5C00404BC3 /* ViewController.swift */,
				DFE839C229DC8F5C00404BC3 /* Main.storyboard */,
				DFE839C529DC8F5D00404BC3 /* Assets.xcassets */,
				DFE839C729DC8F5D00404BC3 /* LaunchScreen.storyboard */,
				DFE839CA29DC8F5D00404BC3 /* Info.plist */,
			);
			path = "I am Rich PracticeXcode";
			sourceTree = "<group>";
		};
		DFE839D229DC8F5D00404BC3 /* I am Rich PracticeXcodeTests */ = {
			isa = PBXGroup;
			children = (
				DFE839D329DC8F5D00404BC3 /* I_am_Rich_PracticeXcodeTests.swift */,
			);
			path = "I am Rich PracticeXcodeTests";
			sourceTree = "<group>";
		};
		DFE839DC29DC8F5D00404BC3 /* I am Rich PracticeXcodeUITests */ = {
			isa = PBXGroup;
			children = (
				DFE839DD29DC8F5D00404BC3 /* I_am_Rich_PracticeXcodeUITests.swift */,
				DFE839DF29DC8F5D00404BC3 /* I_am_Rich_PracticeXcodeUITestsLaunchTests.swift */,
			);
			path = "I am Rich PracticeXcodeUITests";
			sourceTree = "<group>";
		};
/* End PBXGroup section */

/* Begin PBXNativeTarget section */
		DFE839B829DC8F5C00404BC3 /* I am Rich PracticeXcode */ = {
			isa = PBXNativeTarget;
			buildConfigurationList = DFE839E329DC8F5D00404BC3 /* Build configuration list for PBXNativeTarget "I am Rich PracticeXcode" */;
			buildPhases = (
				DFE839B529DC8F5C00404BC3 /* Sources */,
				DFE839B629DC8F5C00404BC3 /* Frameworks */,
				DFE839B729DC8F5C00404BC3 /* Resources */,
			);
			buildRules = (
			);
			dependencies = (
			);
			name = "I am Rich PracticeXcode";
			productName = "I am Rich PracticeXcode";
			productReference = DFE839B929DC8F5C00404BC3 /* I am Rich PracticeXcode.app */;
			productType = "com.apple.product-type.application";
		};
		DFE839CE29DC8F5D00404BC3 /* I am Rich PracticeXcodeTests */ = {
			isa = PBXNativeTarget;
			buildConfigurationList = DFE839E629DC8F5D00404BC3 /* Build configuration list for PBXNativeTarget "I am Rich PracticeXcodeTests" */;
			buildPhases = (
				DFE839CB29DC8F5D00404BC3 /* Sources */,
				DFE839CC29DC8F5D00404BC3 /* Frameworks */,
				DFE839CD29DC8F5D00404BC3 /* Resources */,
			);
			buildRules = (
			);
			dependencies = (
				DFE839D129DC8F5D00404BC3 /* PBXTargetDependency */,
			);
			name = "I am Rich PracticeXcodeTests";
			productName = "I am Rich PracticeXcodeTests";
			productReference = DFE839CF29DC8F5D00404BC3 /* I am Rich PracticeXcodeTests.xctest */;
			productType = "com.apple.product-type.bundle.unit-test";
		};
		DFE839D829DC8F5D00404BC3 /* I am Rich PracticeXcodeUITests */ = {
			isa = PBXNativeTarget;
			buildConfigurationList = DFE839E929DC8F5D00404BC3 /* Build configuration list for PBXNativeTarget "I am Rich PracticeXcodeUITests" */;
			buildPhases = (
				DFE839D529DC8F5D00404BC3 /* Sources */,
				DFE839D629DC8F5D00404BC3 /* Frameworks */,
				DFE839D729DC8F5D00404BC3 /* Resources */,
			);
			buildRules = (
			);
			dependencies = (
				DFE839DB29DC8F5D00404BC3 /* PBXTargetDependency */,
			);
			name = "I am Rich PracticeXcodeUITests";
			productName = "I am Rich PracticeXcodeUITests";
			productReference = DFE839D929DC8F5D00404BC3 /* I am Rich PracticeXcodeUITests.xctest */;
			productType = "com.apple.product-type.bundle.ui-testing";
		};
/* End PBXNativeTarget section */

/* Begin PBXProject section */
		DFE839B129DC8F5C00404BC3 /* Project object */ = {
			isa = PBXProject;
			attributes = {
				BuildIndependentTargetsInParallel = 1;
				LastSwiftUpdateCheck = 1430;
				LastUpgradeCheck = 1430;
				TargetAttributes = {
					DFE839B829DC8F5C00404BC3 = {
						CreatedOnToolsVersion = 14.3;
					};
					DFE839CE29DC8F5D00404BC3 = {
						CreatedOnToolsVersion = 14.3;
						TestTargetID = DFE839B829DC8F5C00404BC3;
					};
					DFE839D829DC8F5D00404BC3 = {
						CreatedOnToolsVersion = 14.3;
						TestTargetID = DFE839B829DC8F5C00404BC3;
					};
				};
			};
			buildConfigurationList = DFE839B429DC8F5C00404BC3 /* Build configuration list for PBXProject "I am Rich PracticeXcode" */;
			compatibilityVersion = "Xcode 14.0";
			developmentRegion = en;
			hasScannedForEncodings = 0;
			knownRegions = (
				en,
				Base,
			);
			mainGroup = DFE839B029DC8F5C00404BC3;
			productRefGroup = DFE839BA29DC8F5C00404BC3 /* Products */;
			projectDirPath = "";
			projectRoot = "";
			targets = (
				DFE839B829DC8F5C00404BC3 /* I am Rich PracticeXcode */,
				DFE839CE29DC8F5D00404BC3 /* I am Rich PracticeXcodeTests */,
				DFE839D829DC8F5D00404BC3 /* I am Rich PracticeXcodeUITests */,
			);
		};
/* End PBXProject section */

/* Begin PBXResourcesBuildPhase section */
		DFE839B729DC8F5C00404BC3 /* Resources */ = {
			isa = PBXResourcesBuildPhase;
			buildActionMask = 2147483647;
			files = (
				DFE839C929DC8F5D00404BC3 /* LaunchScreen.storyboard in Resources */,
				DFE839C629DC8F5D00404BC3 /* Assets.xcassets in Resources */,
				DFE839C429DC8F5C00404BC3 /* Main.storyboard in Resources */,
			);
			runOnlyForDeploymentPostprocessing = 0;
		};
		DFE839CD29DC8F5D00404BC3 /* Resources */ = {
			isa = PBXResourcesBuildPhase;
			buildActionMask = 2147483647;
			files = (
			);
			runOnlyForDeploymentPostprocessing = 0;
		};
		DFE839D729DC8F5D00404BC3 /* Resources */ = {
			isa = PBXResourcesBuildPhase;
			buildActionMask = 2147483647;
			files = (
			);
			runOnlyForDeploymentPostprocessing = 0;
		};
/* End PBXResourcesBuildPhase section */

/* Begin PBXSourcesBuildPhase section */
		DFE839B529DC8F5C00404BC3 /* Sources */ = {
			isa = PBXSourcesBuildPhase;
			buildActionMask = 2147483647;
			files = (
				DFE839C129DC8F5C00404BC3 /* ViewController.swift in Sources */,
				DFE839BD29DC8F5C00404BC3 /* AppDelegate.swift in Sources */,
				DFE839BF29DC8F5C00404BC3 /* SceneDelegate.swift in Sources */,
			);
			runOnlyForDeploymentPostprocessing = 0;
		};
		DFE839CB29DC8F5D00404BC3 /* Sources */ = {
			isa = PBXSourcesBuildPhase;
			buildActionMask = 2147483647;
			files = (
				DFE839D429DC8F5D00404BC3 /* I_am_Rich_PracticeXcodeTests.swift in Sources */,
			);
			runOnlyForDeploymentPostprocessing = 0;
		};
		DFE839D529DC8F5D00404BC3 /* Sources */ = {
			isa = PBXSourcesBuildPhase;
			buildActionMask = 2147483647;
			files = (
				DFE839DE29DC8F5D00404BC3 /* I_am_Rich_PracticeXcodeUITests.swift in Sources */,
				DFE839E029DC8F5D00404BC3 /* I_am_Rich_PracticeXcodeUITestsLaunchTests.swift in Sources */,
			);
			runOnlyForDeploymentPostprocessing = 0;
		};
/* End PBXSourcesBuildPhase section */

/* Begin PBXTargetDependency section */
		DFE839D129DC8F5D00404BC3 /* PBXTargetDependency */ = {
			isa = PBXTargetDependency;
			target = DFE839B829DC8F5C00404BC3 /* I am Rich PracticeXcode */;
			targetProxy = DFE839D029DC8F5D00404BC3 /* PBXContainerItemProxy */;
		};
		DFE839DB29DC8F5D00404BC3 /* PBXTargetDependency */ = {
			isa = PBXTargetDependency;
			target = DFE839B829DC8F5C00404BC3 /* I am Rich PracticeXcode */;
			targetProxy = DFE839DA29DC8F5D00404BC3 /* PBXContainerItemProxy */;
		};
/* End PBXTargetDependency section */

/* Begin PBXVariantGroup section */
		DFE839C229DC8F5C00404BC3 /* Main.storyboard */ = {
			isa = PBXVariantGroup;
			children = (
				DFE839C329DC8F5C00404BC3 /* Base */,
			);
			name = Main.storyboard;
			sourceTree = "<group>";
		};
		DFE839C729DC8F5D00404BC3 /* LaunchScreen.storyboard */ = {
			isa = PBXVariantGroup;
			children = (
				DFE839C829DC8F5D00404BC3 /* Base */,
			);
			name = LaunchScreen.storyboard;
			sourceTree = "<group>";
		};
/* End PBXVariantGroup section */

/* Begin XCBuildConfiguration section */
		DFE839E129DC8F5D00404BC3 /* Debug */ = {
			isa = XCBuildConfiguration;
			buildSettings = {
				ALWAYS_SEARCH_USER_PATHS = NO;
				CLANG_ANALYZER_NONNULL = YES;
				CLANG_ANALYZER_NUMBER_OBJECT_CONVERSION = YES_AGGRESSIVE;
				CLANG_CXX_LANGUAGE_STANDARD = "gnu++20";
				CLANG_ENABLE_MODULES = YES;
				CLANG_ENABLE_OBJC_ARC = YES;
				CLANG_ENABLE_OBJC_WEAK = YES;
				CLANG_WARN_BLOCK_CAPTURE_AUTORELEASING = YES;
				CLANG_WARN_BOOL_CONVERSION = YES;
				CLANG_WARN_COMMA = YES;
				CLANG_WARN_CONSTANT_CONVERSION = YES;
				CLANG_WARN_DEPRECATED_OBJC_IMPLEMENTATIONS = YES;
				CLANG_WARN_DIRECT_OBJC_ISA_USAGE = YES_ERROR;
				CLANG_WARN_DOCUMENTATION_COMMENTS = YES;
				CLANG_WARN_EMPTY_BODY = YES;
				CLANG_WARN_ENUM_CONVERSION = YES;
				CLANG_WARN_INFINITE_RECURSION = YES;
				CLANG_WARN_INT_CONVERSION = YES;
				CLANG_WARN_NON_LITERAL_NULL_CONVERSION = YES;
				CLANG_WARN_OBJC_IMPLICIT_RETAIN_SELF = YES;
				CLANG_WARN_OBJC_LITERAL_CONVERSION = YES;
				CLANG_WARN_OBJC_ROOT_CLASS = YES_ERROR;
				CLANG_WARN_QUOTED_INCLUDE_IN_FRAMEWORK_HEADER = YES;
				CLANG_WARN_RANGE_LOOP_ANALYSIS = YES;
				CLANG_WARN_STRICT_PROTOTYPES = YES;
				CLANG_WARN_SUSPICIOUS_MOVE = YES;
				CLANG_WARN_UNGUARDED_AVAILABILITY = YES_AGGRESSIVE;
				CLANG_WARN_UNREACHABLE_CODE = YES;
				CLANG_WARN__DUPLICATE_METHOD_MATCH = YES;
				COPY_PHASE_STRIP = NO;
				DEBUG_INFORMATION_FORMAT = dwarf;
				ENABLE_STRICT_OBJC_MSGSEND = YES;
				ENABLE_TESTABILITY = YES;
				GCC_C_LANGUAGE_STANDARD = gnu11;
				GCC_DYNAMIC_NO_PIC = NO;
				GCC_NO_COMMON_BLOCKS = YES;
				GCC_OPTIMIZATION_LEVEL = 0;
				GCC_PREPROCESSOR_DEFINITIONS = (
					"DEBUG=1",
					"$(inherited)",
				);
				GCC_WARN_64_TO_32_BIT_CONVERSION = YES;
				GCC_WARN_ABOUT_RETURN_TYPE = YES_ERROR;
				GCC_WARN_UNDECLARED_SELECTOR = YES;
				GCC_WARN_UNINITIALIZED_AUTOS = YES_AGGRESSIVE;
				GCC_WARN_UNUSED_FUNCTION = YES;
				GCC_WARN_UNUSED_VARIABLE = YES;
				IPHONEOS_DEPLOYMENT_TARGET = 16.4;
				MTL_ENABLE_DEBUG_INFO = INCLUDE_SOURCE;
				MTL_FAST_MATH = YES;
				ONLY_ACTIVE_ARCH = YES;
				SDKROOT = iphoneos;
				SWIFT_ACTIVE_COMPILATION_CONDITIONS = DEBUG;
				SWIFT_OPTIMIZATION_LEVEL = "-Onone";
			};
			name = Debug;
		};
		DFE839E229DC8F5D00404BC3 /* Release */ = {
			isa = XCBuildConfiguration;
			buildSettings = {
				ALWAYS_SEARCH_USER_PATHS = NO;
				CLANG_ANALYZER_NONNULL = YES;
				CLANG_ANALYZER_NUMBER_OBJECT_CONVERSION = YES_AGGRESSIVE;
				CLANG_CXX_LANGUAGE_STANDARD = "gnu++20";
				CLANG_ENABLE_MODULES = YES;
				CLANG_ENABLE_OBJC_ARC = YES;
				CLANG_ENABLE_OBJC_WEAK = YES;
				CLANG_WARN_BLOCK_CAPTURE_AUTORELEASING = YES;
				CLANG_WARN_BOOL_CONVERSION = YES;
				CLANG_WARN_COMMA = YES;
				CLANG_WARN_CONSTANT_CONVERSION = YES;
				CLANG_WARN_DEPRECATED_OBJC_IMPLEMENTATIONS = YES;
				CLANG_WARN_DIRECT_OBJC_ISA_USAGE = YES_ERROR;
				CLANG_WARN_DOCUMENTATION_COMMENTS = YES;
				CLANG_WARN_EMPTY_BODY = YES;
				CLANG_WARN_ENUM_CONVERSION = YES;
				CLANG_WARN_INFINITE_RECURSION = YES;
				CLANG_WARN_INT_CONVERSION = YES;
				CLANG_WARN_NON_LITERAL_NULL_CONVERSION = YES;
				CLANG_WARN_OBJC_IMPLICIT_RETAIN_SELF = YES;
				CLANG_WARN_OBJC_LITERAL_CONVERSION = YES;
				CLANG_WARN_OBJC_ROOT_CLASS = YES_ERROR;
				CLANG_WARN_QUOTED_INCLUDE_IN_FRAMEWORK_HEADER = YES;
				CLANG_WARN_RANGE_LOOP_ANALYSIS = YES;
				CLANG_WARN_STRICT_PROTOTYPES = YES;
				CLANG_WARN_SUSPICIOUS_MOVE = YES;
				CLANG_WARN_UNGUARDED_AVAILABILITY = YES_AGGRESSIVE;
				CLANG_WARN_UNREACHABLE_CODE = YES;
				CLANG_WARN__DUPLICATE_METHOD_MATCH = YES;
				COPY_PHASE_STRIP = NO;
				DEBUG_INFORMATION_FORMAT = "dwarf-with-dsym";
				ENABLE_NS_ASSERTIONS = NO;
				ENABLE_STRICT_OBJC_MSGSEND = YES;
				GCC_C_LANGUAGE_STANDARD = gnu11;
				GCC_NO_COMMON_BLOCKS = YES;
				GCC_WARN_64_TO_32_BIT_CONVERSION = YES;
				GCC_WARN_ABOUT_RETURN_TYPE = YES_ERROR;
				GCC_WARN_UNDECLARED_SELECTOR = YES;
				GCC_WARN_UNINITIALIZED_AUTOS = YES_AGGRESSIVE;
				GCC_WARN_UNUSED_FUNCTION = YES;
				GCC_WARN_UNUSED_VARIABLE = YES;
				IPHONEOS_DEPLOYMENT_TARGET = 16.4;
				MTL_ENABLE_DEBUG_INFO = NO;
				MTL_FAST_MATH = YES;
				SDKROOT = iphoneos;
				SWIFT_COMPILATION_MODE = wholemodule;
				SWIFT_OPTIMIZATION_LEVEL = "-O";
				VALIDATE_PRODUCT = YES;
			};
			name = Release;
		};
		DFE839E429DC8F5D00404BC3 /* Debug */ = {
			isa = XCBuildConfiguration;
			buildSettings = {
				ASSETCATALOG_COMPILER_APPICON_NAME = AppIcon;
				ASSETCATALOG_COMPILER_GLOBAL_ACCENT_COLOR_NAME = AccentColor;
				CODE_SIGN_STYLE = Automatic;
				CURRENT_PROJECT_VERSION = 1;
				GENERATE_INFOPLIST_FILE = YES;
				INFOPLIST_FILE = "I am Rich PracticeXcode/Info.plist";
				INFOPLIST_KEY_UIApplicationSupportsIndirectInputEvents = YES;
				INFOPLIST_KEY_UILaunchStoryboardName = LaunchScreen;
				INFOPLIST_KEY_UIMainStoryboardFile = Main;
				INFOPLIST_KEY_UISupportedInterfaceOrientations_iPad = "UIInterfaceOrientationPortrait UIInterfaceOrientationPortraitUpsideDown UIInterfaceOrientationLandscapeLeft UIInterfaceOrientationLandscapeRight";
				INFOPLIST_KEY_UISupportedInterfaceOrientations_iPhone = "UIInterfaceOrientationPortrait UIInterfaceOrientationLandscapeLeft UIInterfaceOrientationLandscapeRight";
				LD_RUNPATH_SEARCH_PATHS = (
					"$(inherited)",
					"@executable_path/Frameworks",
				);
				MARKETING_VERSION = 1.0;
				PRODUCT_BUNDLE_IDENTIFIER = "hanwool.I-am-Rich-PracticeXcode";
				PRODUCT_NAME = "$(TARGET_NAME)";
				SWIFT_EMIT_LOC_STRINGS = YES;
				SWIFT_VERSION = 5.0;
				TARGETED_DEVICE_FAMILY = "1,2";
			};
			name = Debug;
		};
		DFE839E529DC8F5D00404BC3 /* Release */ = {
			isa = XCBuildConfiguration;
			buildSettings = {
				ASSETCATALOG_COMPILER_APPICON_NAME = AppIcon;
				ASSETCATALOG_COMPILER_GLOBAL_ACCENT_COLOR_NAME = AccentColor;
				CODE_SIGN_STYLE = Automatic;
				CURRENT_PROJECT_VERSION = 1;
				GENERATE_INFOPLIST_FILE = YES;
				INFOPLIST_FILE = "I am Rich PracticeXcode/Info.plist";
				INFOPLIST_KEY_UIApplicationSupportsIndirectInputEvents = YES;
				INFOPLIST_KEY_UILaunchStoryboardName = LaunchScreen;
				INFOPLIST_KEY_UIMainStoryboardFile = Main;
				INFOPLIST_KEY_UISupportedInterfaceOrientations_iPad = "UIInterfaceOrientationPortrait UIInterfaceOrientationPortraitUpsideDown UIInterfaceOrientationLandscapeLeft UIInterfaceOrientationLandscapeRight";
				INFOPLIST_KEY_UISupportedInterfaceOrientations_iPhone = "UIInterfaceOrientationPortrait UIInterfaceOrientationLandscapeLeft UIInterfaceOrientationLandscapeRight";
				LD_RUNPATH_SEARCH_PATHS = (
					"$(inherited)",
					"@executable_path/Frameworks",
				);
				MARKETING_VERSION = 1.0;
				PRODUCT_BUNDLE_IDENTIFIER = "hanwool.I-am-Rich-PracticeXcode";
				PRODUCT_NAME = "$(TARGET_NAME)";
				SWIFT_EMIT_LOC_STRINGS = YES;
				SWIFT_VERSION = 5.0;
				TARGETED_DEVICE_FAMILY = "1,2";
			};
			name = Release;
		};
		DFE839E729DC8F5D00404BC3 /* Debug */ = {
			isa = XCBuildConfiguration;
			buildSettings = {
				ALWAYS_EMBED_SWIFT_STANDARD_LIBRARIES = YES;
				BUNDLE_LOADER = "$(TEST_HOST)";
				CODE_SIGN_STYLE = Automatic;
				CURRENT_PROJECT_VERSION = 1;
				GENERATE_INFOPLIST_FILE = YES;
				IPHONEOS_DEPLOYMENT_TARGET = 16.4;
				MARKETING_VERSION = 1.0;
				PRODUCT_BUNDLE_IDENTIFIER = "hanwool.I-am-Rich-PracticeXcodeTests";
				PRODUCT_NAME = "$(TARGET_NAME)";
				SWIFT_EMIT_LOC_STRINGS = NO;
				SWIFT_VERSION = 5.0;
				TARGETED_DEVICE_FAMILY = "1,2";
				TEST_HOST = "$(BUILT_PRODUCTS_DIR)/I am Rich PracticeXcode.app/$(BUNDLE_EXECUTABLE_FOLDER_PATH)/I am Rich PracticeXcode";
			};
			name = Debug;
		};
		DFE839E829DC8F5D00404BC3 /* Release */ = {
			isa = XCBuildConfiguration;
			buildSettings = {
				ALWAYS_EMBED_SWIFT_STANDARD_LIBRARIES = YES;
				BUNDLE_LOADER = "$(TEST_HOST)";
				CODE_SIGN_STYLE = Automatic;
				CURRENT_PROJECT_VERSION = 1;
				GENERATE_INFOPLIST_FILE = YES;
				IPHONEOS_DEPLOYMENT_TARGET = 16.4;
				MARKETING_VERSION = 1.0;
				PRODUCT_BUNDLE_IDENTIFIER = "hanwool.I-am-Rich-PracticeXcodeTests";
				PRODUCT_NAME = "$(TARGET_NAME)";
				SWIFT_EMIT_LOC_STRINGS = NO;
				SWIFT_VERSION = 5.0;
				TARGETED_DEVICE_FAMILY = "1,2";
				TEST_HOST = "$(BUILT_PRODUCTS_DIR)/I am Rich PracticeXcode.app/$(BUNDLE_EXECUTABLE_FOLDER_PATH)/I am Rich PracticeXcode";
			};
			name = Release;
		};
		DFE839EA29DC8F5D00404BC3 /* Debug */ = {
			isa = XCBuildConfiguration;
			buildSettings = {
				ALWAYS_EMBED_SWIFT_STANDARD_LIBRARIES = YES;
				CODE_SIGN_STYLE = Automatic;
				CURRENT_PROJECT_VERSION = 1;
				GENERATE_INFOPLIST_FILE = YES;
				MARKETING_VERSION = 1.0;
				PRODUCT_BUNDLE_IDENTIFIER = "hanwool.I-am-Rich-PracticeXcodeUITests";
				PRODUCT_NAME = "$(TARGET_NAME)";
				SWIFT_EMIT_LOC_STRINGS = NO;
				SWIFT_VERSION = 5.0;
				TARGETED_DEVICE_FAMILY = "1,2";
				TEST_TARGET_NAME = "I am Rich PracticeXcode";
			};
			name = Debug;
		};
		DFE839EB29DC8F5D00404BC3 /* Release */ = {
			isa = XCBuildConfiguration;
			buildSettings = {
				ALWAYS_EMBED_SWIFT_STANDARD_LIBRARIES = YES;
				CODE_SIGN_STYLE = Automatic;
				CURRENT_PROJECT_VERSION = 1;
				GENERATE_INFOPLIST_FILE = YES;
				MARKETING_VERSION = 1.0;
				PRODUCT_BUNDLE_IDENTIFIER = "hanwool.I-am-Rich-PracticeXcodeUITests";
				PRODUCT_NAME = "$(TARGET_NAME)";
				SWIFT_EMIT_LOC_STRINGS = NO;
				SWIFT_VERSION = 5.0;
				TARGETED_DEVICE_FAMILY = "1,2";
				TEST_TARGET_NAME = "I am Rich PracticeXcode";
			};
			name = Release;
		};
/* End XCBuildConfiguration section */

/* Begin XCConfigurationList section */
		DFE839B429DC8F5C00404BC3 /* Build configuration list for PBXProject "I am Rich PracticeXcode" */ = {
			isa = XCConfigurationList;
			buildConfigurations = (
				DFE839E129DC8F5D00404BC3 /* Debug */,
				DFE839E229DC8F5D00404BC3 /* Release */,
			);
			defaultConfigurationIsVisible = 0;
			defaultConfigurationName = Release;
		};
		DFE839E329DC8F5D00404BC3 /* Build configuration list for PBXNativeTarget "I am Rich PracticeXcode" */ = {
			isa = XCConfigurationList;
			buildConfigurations = (
				DFE839E429DC8F5D00404BC3 /* Debug */,
				DFE839E529DC8F5D00404BC3 /* Release */,
			);
			defaultConfigurationIsVisible = 0;
			defaultConfigurationName = Release;
		};
		DFE839E629DC8F5D00404BC3 /* Build configuration list for PBXNativeTarget "I am Rich PracticeXcodeTests" */ = {
			isa = XCConfigurationList;
			buildConfigurations = (
				DFE839E729DC8F5D00404BC3 /* Debug */,
				DFE839E829DC8F5D00404BC3 /* Release */,
			);
			defaultConfigurationIsVisible = 0;
			defaultConfigurationName = Release;
		};
		DFE839E929DC8F5D00404BC3 /* Build configuration list for PBXNativeTarget "I am Rich PracticeXcodeUITests" */ = {
			isa = XCConfigurationList;
			buildConfigurations = (
				DFE839EA29DC8F5D00404BC3 /* Debug */,
				DFE839EB29DC8F5D00404BC3 /* Release */,
			);
			defaultConfigurationIsVisible = 0;
			defaultConfigurationName = Release;
		};
/* End XCConfigurationList section */
	};
	rootObject = DFE839B129DC8F5C00404BC3 /* Project object */;
}
